
Microsoft Visual Studio Solution File, Format Version 12.00
# Visual Studio Version 16
VisualStudioVersion = 16.0.31424.327
MinimumVisualStudioVersion = 10.0.40219.1
Project("{FAE04EC0-301F-11D3-BF4B-00C04F79EFBC}") = "PowerupConfig", "UncappedPowerups\PowerupConfig.csproj", "{C764594A-7C4B-41EF-AC0D-E78C97A93E8D}"
EndProject
Global
	GlobalSection(SolutionConfigurationPlatforms) = preSolution
		Debug|Any CPU = Debug|Any CPU
		Release|Any CPU = Release|Any CPU
	EndGlobalSection
	GlobalSection(ProjectConfigurationPlatforms) = postSolution
		{C764594A-7C4B-41EF-AC0D-E78C97A93E8D}.Debug|Any CPU.ActiveCfg = Debug|Any CPU
		{C764594A-7C4B-41EF-AC0D-E78C97A93E8D}.Debug|Any CPU.Build.0 = Debug|Any CPU
		{C764594A-7C4B-41EF-AC0D-E78C97A93E8D}.Release|Any CPU.ActiveCfg = Release|Any CPU
		{C764594A-7C4B-41EF-AC0D-E78C97A93E8D}.Release|Any CPU.Build.0 = Release|Any CPU
	EndGlobalSection
	GlobalSection(SolutionProperties) = preSolution
		HideSolutionNode = FALSE
	EndGlobalSection
	GlobalSection(ExtensibilityGlobals) = postSolution
		SolutionGuid = {2FB51E8F-6572-49E7-892D-3BDD341F8100}
	EndGlobalSection
EndGlobal
